
Microsoft Visual Studio Solution File, Format Version 12.00
# Visual Studio 15
VisualStudioVersion = 15.0.27703.2018
MinimumVisualStudioVersion = 10.0.40219.1
Project("{262852C6-CD72-467D-83FE-5EEB1973A190}") = "templateUI_1", "templateUI_1\templateUI_1.jsproj", "{BB2673D2-651F-48B9-9EFA-65488C13AE05}"
EndProject
Global
	GlobalSection(SolutionConfigurationPlatforms) = preSolution
		Debug|Any CPU = Debug|Any CPU
		Debug|ARM = Debug|ARM
		Debug|x64 = Debug|x64
		Debug|x86 = Debug|x86
		Release|Any CPU = Release|Any CPU
		Release|ARM = Release|ARM
		Release|x64 = Release|x64
		Release|x86 = Release|x86
	EndGlobalSection
	GlobalSection(ProjectConfigurationPlatforms) = postSolution
		{BB2673D2-651F-48B9-9EFA-65488C13AE05}.Debug|Any CPU.ActiveCfg = Debug|Any CPU
		{BB2673D2-651F-48B9-9EFA-65488C13AE05}.Debug|Any CPU.Build.0 = Debug|Any CPU
		{BB2673D2-651F-48B9-9EFA-65488C13AE05}.Debug|Any CPU.Deploy.0 = Debug|Any CPU
		{BB2673D2-651F-48B9-9EFA-65488C13AE05}.Debug|ARM.ActiveCfg = Debug|ARM
		{BB2673D2-651F-48B9-9EFA-65488C13AE05}.Debug|ARM.Build.0 = Debug|ARM
		{BB2673D2-651F-48B9-9EFA-65488C13AE05}.Debug|ARM.Deploy.0 = Debug|ARM
		{BB2673D2-651F-48B9-9EFA-65488C13AE05}.Debug|x64.ActiveCfg = Debug|x64
		{BB2673D2-651F-48B9-9EFA-65488C13AE05}.Debug|x64.Build.0 = Debug|x64
		{BB2673D2-651F-48B9-9EFA-65488C13AE05}.Debug|x64.Deploy.0 = Debug|x64
		{BB2673D2-651F-48B9-9EFA-65488C13AE05}.Debug|x86.ActiveCfg = Debug|x86
		{BB2673D2-651F-48B9-9EFA-65488C13AE05}.Debug|x86.Build.0 = Debug|x86
		{BB2673D2-651F-48B9-9EFA-65488C13AE05}.Debug|x86.Deploy.0 = Debug|x86
		{BB2673D2-651F-48B9-9EFA-65488C13AE05}.Release|Any CPU.ActiveCfg = Release|Any CPU
		{BB2673D2-651F-48B9-9EFA-65488C13AE05}.Release|Any CPU.Build.0 = Release|Any CPU
		{BB2673D2-651F-48B9-9EFA-65488C13AE05}.Release|Any CPU.Deploy.0 = Release|Any CPU
		{BB2673D2-651F-48B9-9EFA-65488C13AE05}.Release|ARM.ActiveCfg = Release|ARM
		{BB2673D2-651F-48B9-9EFA-65488C13AE05}.Release|ARM.Build.0 = Release|ARM
		{BB2673D2-651F-48B9-9EFA-65488C13AE05}.Release|ARM.Deploy.0 = Release|ARM
		{BB2673D2-651F-48B9-9EFA-65488C13AE05}.Release|x64.ActiveCfg = Release|x64
		{BB2673D2-651F-48B9-9EFA-65488C13AE05}.Release|x64.Build.0 = Release|x64
		{BB2673D2-651F-48B9-9EFA-65488C13AE05}.Release|x64.Deploy.0 = Release|x64
		{BB2673D2-651F-48B9-9EFA-65488C13AE05}.Release|x86.ActiveCfg = Release|x86
		{BB2673D2-651F-48B9-9EFA-65488C13AE05}.Release|x86.Build.0 = Release|x86
		{BB2673D2-651F-48B9-9EFA-65488C13AE05}.Release|x86.Deploy.0 = Release|x86
	EndGlobalSection
	GlobalSection(SolutionProperties) = preSolution
		HideSolutionNode = FALSE
	EndGlobalSection
	GlobalSection(ExtensibilityGlobals) = postSolution
		SolutionGuid = {16B57457-37B0-43E7-AB8A-DDB4FF2E1C23}
	EndGlobalSection
EndGlobal
